
Microsoft Visual Studio Solution File, Format Version 12.00
# Visual Studio 15
VisualStudioVersion = 15.0.28307.852
MinimumVisualStudioVersion = 10.0.40219.1
Project("{FAE04EC0-301F-11D3-BF4B-00C04F79EFBC}") = "DeviceTester", "DeviceTester.csproj", "{1C98A748-68EA-45A8-AB6C-9360D5E94819}"
EndProject
Project("{54435603-DBB4-11D2-8724-00A0C9A8B90C}") = "DeviceTesterSetup", "..\DeviceTesterSetup\DeviceTesterSetup.vdproj", "{CA8E6D15-7769-4933-9182-EE1C5A235347}"
EndProject
Global
	GlobalSection(SolutionConfigurationPlatforms) = preSolution
		Debug|Any CPU = Debug|Any CPU
		Release|Any CPU = Release|Any CPU
	EndGlobalSection
	GlobalSection(ProjectConfigurationPlatforms) = postSolution
		{1C98A748-68EA-45A8-AB6C-9360D5E94819}.Debug|Any CPU.ActiveCfg = Debug|Any CPU
		{1C98A748-68EA-45A8-AB6C-9360D5E94819}.Debug|Any CPU.Build.0 = Debug|Any CPU
		{1C98A748-68EA-45A8-AB6C-9360D5E94819}.Release|Any CPU.ActiveCfg = Release|Any CPU
		{1C98A748-68EA-45A8-AB6C-9360D5E94819}.Release|Any CPU.Build.0 = Release|Any CPU
		{CA8E6D15-7769-4933-9182-EE1C5A235347}.Debug|Any CPU.ActiveCfg = Debug
		{CA8E6D15-7769-4933-9182-EE1C5A235347}.Release|Any CPU.ActiveCfg = Release
		{CA8E6D15-7769-4933-9182-EE1C5A235347}.Release|Any CPU.Build.0 = Release
	EndGlobalSection
	GlobalSection(SolutionProperties) = preSolution
		HideSolutionNode = FALSE
	EndGlobalSection
	GlobalSection(ExtensibilityGlobals) = postSolution
		SolutionGuid = {C2AF5BAB-3408-4A41-B2DE-37BFA8E6B859}
	EndGlobalSection
EndGlobal
